// !$*UTF8*$!
{
	archiveVersion = 1;
	classes = {
	};
	objectVersion = 50;
	objects = {

/* Begin PBXBuildFile section */
		CDABBEFE209A9EA6006DCF1D /* AppDelegate.swift in Sources */ = {isa = PBXBuildFile; fileRef = CDABBEFD209A9EA6006DCF1D /* AppDelegate.swift */; };
		CDABBF06209A9EA6006DCF1D /* GameViewController.swift in Sources */ = {isa = PBXBuildFile; fileRef = CDABBF05209A9EA6006DCF1D /* GameViewController.swift */; };
		CDABBF09209A9EA6006DCF1D /* Main.storyboard in Resources */ = {isa = PBXBuildFile; fileRef = CDABBF07209A9EA6006DCF1D /* Main.storyboard */; };
		CDABBF0B209A9EA8006DCF1D /* Assets.xcassets in Resources */ = {isa = PBXBuildFile; fileRef = CDABBF0A209A9EA8006DCF1D /* Assets.xcassets */; };
		CDABBF0E209A9EA8006DCF1D /* LaunchScreen.storyboard in Resources */ = {isa = PBXBuildFile; fileRef = CDABBF0C209A9EA8006DCF1D /* LaunchScreen.storyboard */; };
		CDABBF1C209AA1C8006DCF1D /* run1.png in Resources */ = {isa = PBXBuildFile; fileRef = CDABBF16209AA1C8006DCF1D /* run1.png */; };
		CDABBF1D209AA1C8006DCF1D /* run2.png in Resources */ = {isa = PBXBuildFile; fileRef = CDABBF17209AA1C8006DCF1D /* run2.png */; };
		CDABBF1E209AA1C8006DCF1D /* run0.png in Resources */ = {isa = PBXBuildFile; fileRef = CDABBF18209AA1C8006DCF1D /* run0.png */; };
		CDABBF1F209AA1C8006DCF1D /* run4.png in Resources */ = {isa = PBXBuildFile; fileRef = CDABBF19209AA1C8006DCF1D /* run4.png */; };
		CDABBF20209AA1C8006DCF1D /* run5.png in Resources */ = {isa = PBXBuildFile; fileRef = CDABBF1A209AA1C8006DCF1D /* run5.png */; };
		CDABBF21209AA1C8006DCF1D /* run3.png in Resources */ = {isa = PBXBuildFile; fileRef = CDABBF1B209AA1C8006DCF1D /* run3.png */; };
		CDABBF26209AA212006DCF1D /* GameplayScene.sks in Resources */ = {isa = PBXBuildFile; fileRef = CDABBF25209AA212006DCF1D /* GameplayScene.sks */; };
		CDABBF28209AA272006DCF1D /* GameplayScene.swift in Sources */ = {isa = PBXBuildFile; fileRef = CDABBF27209AA272006DCF1D /* GameplayScene.swift */; };
		CDABBF2C209AAEC6006DCF1D /* BGClass.swift in Sources */ = {isa = PBXBuildFile; fileRef = CDABBF2B209AAEC6006DCF1D /* BGClass.swift */; };
		CDABBF2F209AAFD4006DCF1D /* gameplaySceneExtension.swift in Sources */ = {isa = PBXBuildFile; fileRef = CDABBF2E209AAFD4006DCF1D /* gameplaySceneExtension.swift */; };
		CDABBF32209AB39D006DCF1D /* GroundClass.swift in Sources */ = {isa = PBXBuildFile; fileRef = CDABBF31209AB39D006DCF1D /* GroundClass.swift */; };
/* End PBXBuildFile section */

/* Begin PBXFileReference section */
		CDABBEFA209A9EA6006DCF1D /* Space Runner.app */ = {isa = PBXFileReference; explicitFileType = wrapper.application; includeInIndex = 0; path = "Space Runner.app"; sourceTree = BUILT_PRODUCTS_DIR; };
		CDABBEFD209A9EA6006DCF1D /* AppDelegate.swift */ = {isa = PBXFileReference; lastKnownFileType = sourcecode.swift; path = AppDelegate.swift; sourceTree = "<group>"; };
		CDABBF05209A9EA6006DCF1D /* GameViewController.swift */ = {isa = PBXFileReference; lastKnownFileType = sourcecode.swift; path = GameViewController.swift; sourceTree = "<group>"; };
		CDABBF08209A9EA6006DCF1D /* Base */ = {isa = PBXFileReference; lastKnownFileType = file.storyboard; name = Base; path = Base.lproj/Main.storyboard; sourceTree = "<group>"; };
		CDABBF0A209A9EA8006DCF1D /* Assets.xcassets */ = {isa = PBXFileReference; lastKnownFileType = folder.assetcatalog; path = Assets.xcassets; sourceTree = "<group>"; };
		CDABBF0D209A9EA8006DCF1D /* Base */ = {isa = PBXFileReference; lastKnownFileType = file.storyboard; name = Base; path = Base.lproj/LaunchScreen.storyboard; sourceTree = "<group>"; };
		CDABBF0F209A9EA8006DCF1D /* Info.plist */ = {isa = PBXFileReference; lastKnownFileType = text.plist.xml; path = Info.plist; sourceTree = "<group>"; };
		CDABBF16209AA1C8006DCF1D /* run1.png */ = {isa = PBXFileReference; lastKnownFileType = image.png; path = run1.png; sourceTree = "<group>"; };
		CDABBF17209AA1C8006DCF1D /* run2.png */ = {isa = PBXFileReference; lastKnownFileType = image.png; path = run2.png; sourceTree = "<group>"; };
		CDABBF18209AA1C8006DCF1D /* run0.png */ = {isa = PBXFileReference; lastKnownFileType = image.png; path = run0.png; sourceTree = "<group>"; };
		CDABBF19209AA1C8006DCF1D /* run4.png */ = {isa = PBXFileReference; lastKnownFileType = image.png; path = run4.png; sourceTree = "<group>"; };
		CDABBF1A209AA1C8006DCF1D /* run5.png */ = {isa = PBXFileReference; lastKnownFileType = image.png; path = run5.png; sourceTree = "<group>"; };
		CDABBF1B209AA1C8006DCF1D /* run3.png */ = {isa = PBXFileReference; lastKnownFileType = image.png; path = run3.png; sourceTree = "<group>"; };
		CDABBF25209AA212006DCF1D /* GameplayScene.sks */ = {isa = PBXFileReference; lastKnownFileType = file.sks; path = GameplayScene.sks; sourceTree = "<group>"; };
		CDABBF27209AA272006DCF1D /* GameplayScene.swift */ = {isa = PBXFileReference; lastKnownFileType = sourcecode.swift; path = GameplayScene.swift; sourceTree = "<group>"; };
		CDABBF2B209AAEC6006DCF1D /* BGClass.swift */ = {isa = PBXFileReference; lastKnownFileType = sourcecode.swift; path = BGClass.swift; sourceTree = "<group>"; };
		CDABBF2E209AAFD4006DCF1D /* gameplaySceneExtension.swift */ = {isa = PBXFileReference; lastKnownFileType = sourcecode.swift; path = gameplaySceneExtension.swift; sourceTree = "<group>"; };
		CDABBF31209AB39D006DCF1D /* GroundClass.swift */ = {isa = PBXFileReference; lastKnownFileType = sourcecode.swift; path = GroundClass.swift; sourceTree = "<group>"; };
/* End PBXFileReference section */

/* Begin PBXFrameworksBuildPhase section */
		CDABBEF7209A9EA6006DCF1D /* Frameworks */ = {
			isa = PBXFrameworksBuildPhase;
			buildActionMask = 2147483647;
			files = (
			);
			runOnlyForDeploymentPostprocessing = 0;
		};
/* End PBXFrameworksBuildPhase section */

/* Begin PBXGroup section */
		CDABBEF1209A9EA6006DCF1D = {
			isa = PBXGroup;
			children = (
				CDABBEFC209A9EA6006DCF1D /* Space Runner */,
				CDABBEFB209A9EA6006DCF1D /* Products */,
			);
			sourceTree = "<group>";
		};
		CDABBEFB209A9EA6006DCF1D /* Products */ = {
			isa = PBXGroup;
			children = (
				CDABBEFA209A9EA6006DCF1D /* Space Runner.app */,
			);
			name = Products;
			sourceTree = "<group>";
		};
		CDABBEFC209A9EA6006DCF1D /* Space Runner */ = {
			isa = PBXGroup;
			children = (
				CDABBF2D209AAF9F006DCF1D /* extensions */,
				CDABBF24209AA1F5006DCF1D /* controllers */,
				CDABBF23209AA1EE006DCF1D /* classes */,
				CDABBF22209AA1E4006DCF1D /* scenes */,
				CDABBF15209AA0FF006DCF1D /* player */,
				CDABBF30209AB08A006DCF1D /* Supporting Files */,
				CDABBF0F209A9EA8006DCF1D /* Info.plist */,
			);
			path = "Space Runner";
			sourceTree = "<group>";
		};
		CDABBF15209AA0FF006DCF1D /* player */ = {
			isa = PBXGroup;
			children = (
				CDABBF18209AA1C8006DCF1D /* run0.png */,
				CDABBF16209AA1C8006DCF1D /* run1.png */,
				CDABBF17209AA1C8006DCF1D /* run2.png */,
				CDABBF1B209AA1C8006DCF1D /* run3.png */,
				CDABBF19209AA1C8006DCF1D /* run4.png */,
				CDABBF1A209AA1C8006DCF1D /* run5.png */,
			);
			path = player;
			sourceTree = "<group>";
		};
		CDABBF22209AA1E4006DCF1D /* scenes */ = {
			isa = PBXGroup;
			children = (
				CDABBF25209AA212006DCF1D /* GameplayScene.sks */,
			);
			path = scenes;
			sourceTree = "<group>";
		};
		CDABBF23209AA1EE006DCF1D /* classes */ = {
			isa = PBXGroup;
			children = (
				CDABBF2A209AAE95006DCF1D /* BG and Ground classes */,
				CDABBF29209AAE7A006DCF1D /* scene classes */,
			);
			path = classes;
			sourceTree = "<group>";
		};
		CDABBF24209AA1F5006DCF1D /* controllers */ = {
			isa = PBXGroup;
			children = (
				CDABBF05209A9EA6006DCF1D /* GameViewController.swift */,
			);
			path = controllers;
			sourceTree = "<group>";
		};
		CDABBF29209AAE7A006DCF1D /* scene classes */ = {
			isa = PBXGroup;
			children = (
				CDABBF27209AA272006DCF1D /* GameplayScene.swift */,
			);
			path = "scene classes";
			sourceTree = "<group>";
		};
		CDABBF2A209AAE95006DCF1D /* BG and Ground classes */ = {
			isa = PBXGroup;
			children = (
				CDABBF2B209AAEC6006DCF1D /* BGClass.swift */,
				CDABBF31209AB39D006DCF1D /* GroundClass.swift */,
			);
			path = "BG and Ground classes";
			sourceTree = "<group>";
		};
		CDABBF2D209AAF9F006DCF1D /* extensions */ = {
			isa = PBXGroup;
			children = (
				CDABBF2E209AAFD4006DCF1D /* gameplaySceneExtension.swift */,
			);
			path = extensions;
			sourceTree = "<group>";
		};
		CDABBF30209AB08A006DCF1D /* Supporting Files */ = {
			isa = PBXGroup;
			children = (
				CDABBEFD209A9EA6006DCF1D /* AppDelegate.swift */,
				CDABBF07209A9EA6006DCF1D /* Main.storyboard */,
				CDABBF0A209A9EA8006DCF1D /* Assets.xcassets */,
				CDABBF0C209A9EA8006DCF1D /* LaunchScreen.storyboard */,
			);
			path = "Supporting Files";
			sourceTree = "<group>";
		};
/* End PBXGroup section */

/* Begin PBXNativeTarget section */
		CDABBEF9209A9EA6006DCF1D /* Space Runner */ = {
			isa = PBXNativeTarget;
			buildConfigurationList = CDABBF12209A9EA8006DCF1D /* Build configuration list for PBXNativeTarget "Space Runner" */;
			buildPhases = (
				CDABBEF6209A9EA6006DCF1D /* Sources */,
				CDABBEF7209A9EA6006DCF1D /* Frameworks */,
				CDABBEF8209A9EA6006DCF1D /* Resources */,
			);
			buildRules = (
			);
			dependencies = (
			);
			name = "Space Runner";
			productName = "Space Runner";
			productReference = CDABBEFA209A9EA6006DCF1D /* Space Runner.app */;
			productType = "com.apple.product-type.application";
		};
/* End PBXNativeTarget section */

/* Begin PBXProject section */
		CDABBEF2209A9EA6006DCF1D /* Project object */ = {
			isa = PBXProject;
			attributes = {
				LastSwiftUpdateCheck = 0930;
				LastUpgradeCheck = 0930;
				ORGANIZATIONNAME = "Mohamed Mohsen";
				TargetAttributes = {
					CDABBEF9209A9EA6006DCF1D = {
						CreatedOnToolsVersion = 9.3;
					};
				};
			};
			buildConfigurationList = CDABBEF5209A9EA6006DCF1D /* Build configuration list for PBXProject "Space Runner" */;
			compatibilityVersion = "Xcode 9.3";
			developmentRegion = en;
			hasScannedForEncodings = 0;
			knownRegions = (
				en,
				Base,
			);
			mainGroup = CDABBEF1209A9EA6006DCF1D;
			productRefGroup = CDABBEFB209A9EA6006DCF1D /* Products */;
			projectDirPath = "";
			projectRoot = "";
			targets = (
				CDABBEF9209A9EA6006DCF1D /* Space Runner */,
			);
		};
/* End PBXProject section */

/* Begin PBXResourcesBuildPhase section */
		CDABBEF8209A9EA6006DCF1D /* Resources */ = {
			isa = PBXResourcesBuildPhase;
			buildActionMask = 2147483647;
			files = (
				CDABBF09209A9EA6006DCF1D /* Main.storyboard in Resources */,
				CDABBF21209AA1C8006DCF1D /* run3.png in Resources */,
				CDABBF1C209AA1C8006DCF1D /* run1.png in Resources */,
				CDABBF20209AA1C8006DCF1D /* run5.png in Resources */,
				CDABBF26209AA212006DCF1D /* GameplayScene.sks in Resources */,
				CDABBF1D209AA1C8006DCF1D /* run2.png in Resources */,
				CDABBF0B209A9EA8006DCF1D /* Assets.xcassets in Resources */,
				CDABBF1F209AA1C8006DCF1D /* run4.png in Resources */,
				CDABBF0E209A9EA8006DCF1D /* LaunchScreen.storyboard in Resources */,
				CDABBF1E209AA1C8006DCF1D /* run0.png in Resources */,
			);
			runOnlyForDeploymentPostprocessing = 0;
		};
/* End PBXResourcesBuildPhase section */

/* Begin PBXSourcesBuildPhase section */
		CDABBEF6209A9EA6006DCF1D /* Sources */ = {
			isa = PBXSourcesBuildPhase;
			buildActionMask = 2147483647;
			files = (
				CDABBF06209A9EA6006DCF1D /* GameViewController.swift in Sources */,
				CDABBF28209AA272006DCF1D /* GameplayScene.swift in Sources */,
				CDABBF2F209AAFD4006DCF1D /* gameplaySceneExtension.swift in Sources */,
				CDABBEFE209A9EA6006DCF1D /* AppDelegate.swift in Sources */,
				CDABBF2C209AAEC6006DCF1D /* BGClass.swift in Sources */,
				CDABBF32209AB39D006DCF1D /* GroundClass.swift in Sources */,
			);
			runOnlyForDeploymentPostprocessing = 0;
		};
/* End PBXSourcesBuildPhase section */

/* Begin PBXVariantGroup section */
		CDABBF07209A9EA6006DCF1D /* Main.storyboard */ = {
			isa = PBXVariantGroup;
			children = (
				CDABBF08209A9EA6006DCF1D /* Base */,
			);
			name = Main.storyboard;
			sourceTree = "<group>";
		};
		CDABBF0C209A9EA8006DCF1D /* LaunchScreen.storyboard */ = {
			isa = PBXVariantGroup;
			children = (
				CDABBF0D209A9EA8006DCF1D /* Base */,
			);
			name = LaunchScreen.storyboard;
			sourceTree = "<group>";
		};
/* End PBXVariantGroup section */

/* Begin XCBuildConfiguration section */
		CDABBF10209A9EA8006DCF1D /* Debug */ = {
			isa = XCBuildConfiguration;
			buildSettings = {
				ALWAYS_SEARCH_USER_PATHS = NO;
				CLANG_ANALYZER_NONNULL = YES;
				CLANG_ANALYZER_NUMBER_OBJECT_CONVERSION = YES_AGGRESSIVE;
				CLANG_CXX_LANGUAGE_STANDARD = "gnu++14";
				CLANG_CXX_LIBRARY = "libc++";
				CLANG_ENABLE_MODULES = YES;
				CLANG_ENABLE_OBJC_ARC = YES;
				CLANG_ENABLE_OBJC_WEAK = YES;
				CLANG_WARN_BLOCK_CAPTURE_AUTORELEASING = YES;
				CLANG_WARN_BOOL_CONVERSION = YES;
				CLANG_WARN_COMMA = YES;
				CLANG_WARN_CONSTANT_CONVERSION = YES;
				CLANG_WARN_DEPRECATED_OBJC_IMPLEMENTATIONS = YES;
				CLANG_WARN_DIRECT_OBJC_ISA_USAGE = YES_ERROR;
				CLANG_WARN_DOCUMENTATION_COMMENTS = YES;
				CLANG_WARN_EMPTY_BODY = YES;
				CLANG_WARN_ENUM_CONVERSION = YES;
				CLANG_WARN_INFINITE_RECURSION = YES;
				CLANG_WARN_INT_CONVERSION = YES;
				CLANG_WARN_NON_LITERAL_NULL_CONVERSION = YES;
				CLANG_WARN_OBJC_IMPLICIT_RETAIN_SELF = YES;
				CLANG_WARN_OBJC_LITERAL_CONVERSION = YES;
				CLANG_WARN_OBJC_ROOT_CLASS = YES_ERROR;
				CLANG_WARN_RANGE_LOOP_ANALYSIS = YES;
				CLANG_WARN_STRICT_PROTOTYPES = YES;
				CLANG_WARN_SUSPICIOUS_MOVE = YES;
				CLANG_WARN_UNGUARDED_AVAILABILITY = YES_AGGRESSIVE;
				CLANG_WARN_UNREACHABLE_CODE = YES;
				CLANG_WARN__DUPLICATE_METHOD_MATCH = YES;
				CODE_SIGN_IDENTITY = "iPhone Developer";
				COPY_PHASE_STRIP = NO;
				DEBUG_INFORMATION_FORMAT = dwarf;
				ENABLE_STRICT_OBJC_MSGSEND = YES;
				ENABLE_TESTABILITY = YES;
				GCC_C_LANGUAGE_STANDARD = gnu11;
				GCC_DYNAMIC_NO_PIC = NO;
				GCC_NO_COMMON_BLOCKS = YES;
				GCC_OPTIMIZATION_LEVEL = 0;
				GCC_PREPROCESSOR_DEFINITIONS = (
					"DEBUG=1",
					"$(inherited)",
				);
				GCC_WARN_64_TO_32_BIT_CONVERSION = YES;
				GCC_WARN_ABOUT_RETURN_TYPE = YES_ERROR;
				GCC_WARN_UNDECLARED_SELECTOR = YES;
				GCC_WARN_UNINITIALIZED_AUTOS = YES_AGGRESSIVE;
				GCC_WARN_UNUSED_FUNCTION = YES;
				GCC_WARN_UNUSED_VARIABLE = YES;
				IPHONEOS_DEPLOYMENT_TARGET = 11.3;
				MTL_ENABLE_DEBUG_INFO = YES;
				ONLY_ACTIVE_ARCH = YES;
				SDKROOT = iphoneos;
				SWIFT_ACTIVE_COMPILATION_CONDITIONS = DEBUG;
				SWIFT_OPTIMIZATION_LEVEL = "-Onone";
			};
			name = Debug;
		};
		CDABBF11209A9EA8006DCF1D /* Release */ = {
			isa = XCBuildConfiguration;
			buildSettings = {
				ALWAYS_SEARCH_USER_PATHS = NO;
				CLANG_ANALYZER_NONNULL = YES;
				CLANG_ANALYZER_NUMBER_OBJECT_CONVERSION = YES_AGGRESSIVE;
				CLANG_CXX_LANGUAGE_STANDARD = "gnu++14";
				CLANG_CXX_LIBRARY = "libc++";
				CLANG_ENABLE_MODULES = YES;
				CLANG_ENABLE_OBJC_ARC = YES;
				CLANG_ENABLE_OBJC_WEAK = YES;
				CLANG_WARN_BLOCK_CAPTURE_AUTORELEASING = YES;
				CLANG_WARN_BOOL_CONVERSION = YES;
				CLANG_WARN_COMMA = YES;
				CLANG_WARN_CONSTANT_CONVERSION = YES;
				CLANG_WARN_DEPRECATED_OBJC_IMPLEMENTATIONS = YES;
				CLANG_WARN_DIRECT_OBJC_ISA_USAGE = YES_ERROR;
				CLANG_WARN_DOCUMENTATION_COMMENTS = YES;
				CLANG_WARN_EMPTY_BODY = YES;
				CLANG_WARN_ENUM_CONVERSION = YES;
				CLANG_WARN_INFINITE_RECURSION = YES;
				CLANG_WARN_INT_CONVERSION = YES;
				CLANG_WARN_NON_LITERAL_NULL_CONVERSION = YES;
				CLANG_WARN_OBJC_IMPLICIT_RETAIN_SELF = YES;
				CLANG_WARN_OBJC_LITERAL_CONVERSION = YES;
				CLANG_WARN_OBJC_ROOT_CLASS = YES_ERROR;
				CLANG_WARN_RANGE_LOOP_ANALYSIS = YES;
				CLANG_WARN_STRICT_PROTOTYPES = YES;
				CLANG_WARN_SUSPICIOUS_MOVE = YES;
				CLANG_WARN_UNGUARDED_AVAILABILITY = YES_AGGRESSIVE;
				CLANG_WARN_UNREACHABLE_CODE = YES;
				CLANG_WARN__DUPLICATE_METHOD_MATCH = YES;
				CODE_SIGN_IDENTITY = "iPhone Developer";
				COPY_PHASE_STRIP = NO;
				DEBUG_INFORMATION_FORMAT = "dwarf-with-dsym";
				ENABLE_NS_ASSERTIONS = NO;
				ENABLE_STRICT_OBJC_MSGSEND = YES;
				GCC_C_LANGUAGE_STANDARD = gnu11;
				GCC_NO_COMMON_BLOCKS = YES;
				GCC_WARN_64_TO_32_BIT_CONVERSION = YES;
				GCC_WARN_ABOUT_RETURN_TYPE = YES_ERROR;
				GCC_WARN_UNDECLARED_SELECTOR = YES;
				GCC_WARN_UNINITIALIZED_AUTOS = YES_AGGRESSIVE;
				GCC_WARN_UNUSED_FUNCTION = YES;
				GCC_WARN_UNUSED_VARIABLE = YES;
				IPHONEOS_DEPLOYMENT_TARGET = 11.3;
				MTL_ENABLE_DEBUG_INFO = NO;
				SDKROOT = iphoneos;
				SWIFT_COMPILATION_MODE = wholemodule;
				SWIFT_OPTIMIZATION_LEVEL = "-O";
				VALIDATE_PRODUCT = YES;
			};
			name = Release;
		};
		CDABBF13209A9EA8006DCF1D /* Debug */ = {
			isa = XCBuildConfiguration;
			buildSettings = {
				ASSETCATALOG_COMPILER_APPICON_NAME = AppIcon;
				CODE_SIGN_STYLE = Automatic;
				DEVELOPMENT_TEAM = M93KQ55W7F;
				INFOPLIST_FILE = "Space Runner/Info.plist";
				LD_RUNPATH_SEARCH_PATHS = (
					"$(inherited)",
					"@executable_path/Frameworks",
				);
				PRODUCT_BUNDLE_IDENTIFIER = "Mohamed.Ebrahim.Mohsen-gmail.com.Space-Runner";
				PRODUCT_NAME = "$(TARGET_NAME)";
				SWIFT_VERSION = 4.0;
				TARGETED_DEVICE_FAMILY = "1,2";
			};
			name = Debug;
		};
		CDABBF14209A9EA8006DCF1D /* Release */ = {
			isa = XCBuildConfiguration;
			buildSettings = {
				ASSETCATALOG_COMPILER_APPICON_NAME = AppIcon;
				CODE_SIGN_STYLE = Automatic;
				DEVELOPMENT_TEAM = M93KQ55W7F;
				INFOPLIST_FILE = "Space Runner/Info.plist";
				LD_RUNPATH_SEARCH_PATHS = (
					"$(inherited)",
					"@executable_path/Frameworks",
				);
				PRODUCT_BUNDLE_IDENTIFIER = "Mohamed.Ebrahim.Mohsen-gmail.com.Space-Runner";
				PRODUCT_NAME = "$(TARGET_NAME)";
				SWIFT_VERSION = 4.0;
				TARGETED_DEVICE_FAMILY = "1,2";
			};
			name = Release;
		};
/* End XCBuildConfiguration section */

/* Begin XCConfigurationList section */
		CDABBEF5209A9EA6006DCF1D /* Build configuration list for PBXProject "Space Runner" */ = {
			isa = XCConfigurationList;
			buildConfigurations = (
				CDABBF10209A9EA8006DCF1D /* Debug */,
				CDABBF11209A9EA8006DCF1D /* Release */,
			);
			defaultConfigurationIsVisible = 0;
			defaultConfigurationName = Release;
		};
		CDABBF12209A9EA8006DCF1D /* Build configuration list for PBXNativeTarget "Space Runner" */ = {
			isa = XCConfigurationList;
			buildConfigurations = (
				CDABBF13209A9EA8006DCF1D /* Debug */,
				CDABBF14209A9EA8006DCF1D /* Release */,
			);
			defaultConfigurationIsVisible = 0;
			defaultConfigurationName = Release;
		};
/* End XCConfigurationList section */
	};
	rootObject = CDABBEF2209A9EA6006DCF1D /* Project object */;
}
